# THIS IS AN AUTOGENERATED FILE. DO NOT EDIT THIS FILE DIRECTLY.
# yarn lockfile v1


"@a11y-core/binding-base@file:../binding-base":
  version "0.1.0"
  resolved "file:../binding-base"

"@a11y-core/core@file:../core":
  version "1.1.0"
  resolved "file:../core"
  dependencies:
    jsdom "^29.1.1"

fsevents@2.3.2:
  version "2.3.2"
  resolved "https://registry.npmjs.org/fsevents/-/fsevents-2.3.2.tgz"
  integrity sha512-xiqMQR4xAeHTuB9uWm+fFRcIOgKBMiOBP+eXiyT7jsgVCq1bkVygt00oASowB7EdtpOHaaPgKt812P9ab+DDKA==

playwright-core@1.61.1:
  version "1.61.1"
  resolved "https://registry.npmjs.org/playwright-core/-/playwright-core-1.61.1.tgz"
  integrity sha512-h7Qlt6m4REp25qvIdvbDtVmD4LqVXfpRxhORv9L0jzETM05p4fuPJ3dKyuSXQxDSbXnmS79HAgi9589lGSpLkg==

playwright@^1.61.1:
  version "1.61.1"
  resolved "https://registry.npmjs.org/playwright/-/playwright-1.61.1.tgz"
  integrity sha512-DWnY5o3YbLWK4GovuAVwpqL+1VwGNdUGrRr++8j8PtQQzvAVZUIMjKQ90fY689sEJZJBbZVw1rXaOKSTitkzPQ==
  dependencies:
    playwright-core "1.61.1"
  optionalDependencies:
    fsevents "2.3.2"
